
Microsoft Visual Studio Solution File, Format Version 12.00
# Visual Studio Version 17
VisualStudioVersion = 17.11.35222.181
MinimumVisualStudioVersion = 10.0.40219.1
Project("{9A19103F-16F7-4668-BE54-9A1E7A4F7556}") = "01_Ado_net_intro", "01_Ado_net_intro\01_Ado_net_intro.csproj", "{E0D241A0-96FE-49F2-86ED-95F2C9510CF7}"
EndProject
Project("{9A19103F-16F7-4668-BE54-9A1E7A4F7556}") = "1_intro_Class", "1_intro_Class\1_intro_Class.csproj", "{1E87B5BF-D075-4AA9-BA01-C8C9ADA53CED}"
EndProject
Project("{9A19103F-16F7-4668-BE54-9A1E7A4F7556}") = "1_homework", "1_homework\1_homework.csproj", "{8F270109-3E4E-4767-B50C-FCAA7EB16D42}"
EndProject
Project("{9A19103F-16F7-4668-BE54-9A1E7A4F7556}") = "02_params", "02_params\02_params.csproj", "{BBC449C4-4F7E-445F-A0E6-5DF7259DE64A}"
EndProject
Project("{FAE04EC0-301F-11D3-BF4B-00C04F79EFBC}") = "03_Dz", "03_Dz\03_Dz.csproj", "{64F86919-6A28-4B1C-871E-D630B1985B08}"
EndProject
Global
	GlobalSection(SolutionConfigurationPlatforms) = preSolution
		Debug|Any CPU = Debug|Any CPU
		Release|Any CPU = Release|Any CPU
	EndGlobalSection
	GlobalSection(ProjectConfigurationPlatforms) = postSolution
		{E0D241A0-96FE-49F2-86ED-95F2C9510CF7}.Debug|Any CPU.ActiveCfg = Debug|Any CPU
		{E0D241A0-96FE-49F2-86ED-95F2C9510CF7}.Debug|Any CPU.Build.0 = Debug|Any CPU
		{E0D241A0-96FE-49F2-86ED-95F2C9510CF7}.Release|Any CPU.ActiveCfg = Release|Any CPU
		{E0D241A0-96FE-49F2-86ED-95F2C9510CF7}.Release|Any CPU.Build.0 = Release|Any CPU
		{1E87B5BF-D075-4AA9-BA01-C8C9ADA53CED}.Debug|Any CPU.ActiveCfg = Debug|Any CPU
		{1E87B5BF-D075-4AA9-BA01-C8C9ADA53CED}.Debug|Any CPU.Build.0 = Debug|Any CPU
		{1E87B5BF-D075-4AA9-BA01-C8C9ADA53CED}.Release|Any CPU.ActiveCfg = Release|Any CPU
		{1E87B5BF-D075-4AA9-BA01-C8C9ADA53CED}.Release|Any CPU.Build.0 = Release|Any CPU
		{8F270109-3E4E-4767-B50C-FCAA7EB16D42}.Debug|Any CPU.ActiveCfg = Debug|Any CPU
		{8F270109-3E4E-4767-B50C-FCAA7EB16D42}.Debug|Any CPU.Build.0 = Debug|Any CPU
		{8F270109-3E4E-4767-B50C-FCAA7EB16D42}.Release|Any CPU.ActiveCfg = Release|Any CPU
		{8F270109-3E4E-4767-B50C-FCAA7EB16D42}.Release|Any CPU.Build.0 = Release|Any CPU
		{BBC449C4-4F7E-445F-A0E6-5DF7259DE64A}.Debug|Any CPU.ActiveCfg = Debug|Any CPU
		{BBC449C4-4F7E-445F-A0E6-5DF7259DE64A}.Debug|Any CPU.Build.0 = Debug|Any CPU
		{BBC449C4-4F7E-445F-A0E6-5DF7259DE64A}.Release|Any CPU.ActiveCfg = Release|Any CPU
		{BBC449C4-4F7E-445F-A0E6-5DF7259DE64A}.Release|Any CPU.Build.0 = Release|Any CPU
		{64F86919-6A28-4B1C-871E-D630B1985B08}.Debug|Any CPU.ActiveCfg = Debug|Any CPU
		{64F86919-6A28-4B1C-871E-D630B1985B08}.Debug|Any CPU.Build.0 = Debug|Any CPU
		{64F86919-6A28-4B1C-871E-D630B1985B08}.Release|Any CPU.ActiveCfg = Release|Any CPU
		{64F86919-6A28-4B1C-871E-D630B1985B08}.Release|Any CPU.Build.0 = Release|Any CPU
	EndGlobalSection
	GlobalSection(SolutionProperties) = preSolution
		HideSolutionNode = FALSE
	EndGlobalSection
	GlobalSection(ExtensibilityGlobals) = postSolution
		SolutionGuid = {697CBC51-EB67-4648-8A63-A0BA23A1DFB4}
	EndGlobalSection
EndGlobal
